{
  "version": "5",
  "specifiers": {
    "jsr:@bronti/robust@0.0.3-beta": "0.0.3-beta",
    "jsr:@bronti/wooter@1.3.6": "1.3.6",
    "jsr:@david/code-block-writer@^13.0.3": "13.0.3",
    "jsr:@deno/dnt@~0.42.3": "0.42.3",
    "jsr:@dldc/chemin@13": "13.0.0",
    "jsr:@dldc/chemin@^12.0.1": "12.0.1",
    "jsr:@rubiks/rubiks@1.2.9": "1.2.9",
    "jsr:@std/assert@*": "1.0.11",
    "jsr:@std/assert@^1.0.10": "1.0.11",
    "jsr:@std/assert@^1.0.16": "1.0.18",
    "jsr:@std/assert@^1.0.17": "1.0.18",
    "jsr:@std/async@*": "1.0.10",
    "jsr:@std/async@^1.1.0": "1.1.1",
    "jsr:@std/data-structures@^1.0.10": "1.0.10",
    "jsr:@std/fmt@1": "1.0.9",
    "jsr:@std/fs@1": "1.0.22",
    "jsr:@std/fs@^1.0.22": "1.0.22",
    "jsr:@std/internal@^1.0.12": "1.0.12",
    "jsr:@std/internal@^1.0.5": "1.0.5",
    "jsr:@std/json@^1.0.2": "1.0.2",
    "jsr:@std/jsonc@*": "1.0.1",
    "jsr:@std/jsonc@^1.0.2": "1.0.2",
    "jsr:@std/path@1": "1.1.4",
    "jsr:@std/path@^1.1.4": "1.1.4",
    "jsr:@std/streams@^1.0.9": "1.0.17",
    "jsr:@std/testing@*": "1.0.9",
    "jsr:@std/testing@^1.0.16": "1.0.17",
    "jsr:@ts-morph/bootstrap@0.27": "0.27.0",
    "jsr:@ts-morph/common@0.27": "0.27.0",
    "npm:cookie@*": "1.0.2",
    "npm:zod@*": "4.0.17"
  },
  "jsr": {
    "@bronti/robust@0.0.3-beta": {
      "integrity": "f426681aae38c92a5b06778799c2d881514ccbaf3d67f8c155cdf2d1d6ec58d2"
    },
    "@bronti/wooter@1.3.6": {
      "integrity": "d9c3af9889d7b89d5765c61931ff041380ff941acd8e9570c6365beb31d71697",
      "dependencies": [
        "jsr:@dldc/chemin@^12.0.1"
      ]
    },
    "@david/code-block-writer@13.0.3": {
      "integrity": "f98c77d320f5957899a61bfb7a9bead7c6d83ad1515daee92dbacc861e13bb7f"
    },
    "@deno/dnt@0.42.3": {
      "integrity": "62a917a0492f3c8af002dce90605bb0d41f7d29debc06aca40dba72ab65d8ae3",
      "dependencies": [
        "jsr:@david/code-block-writer",
        "jsr:@std/fmt",
        "jsr:@std/fs@1",
        "jsr:@std/path@1",
        "jsr:@ts-morph/bootstrap"
      ]
    },
    "@dldc/chemin@12.0.1": {
      "integrity": "f1f97bab51732c825d89f7788e07e2b9875c41f95393809309def9b157034115"
    },
    "@dldc/chemin@13.0.0": {
      "integrity": "fc0f15be726afd6daeea1e0d4be60086cca693a15f95bc612bfbf3b9839b7d2f"
    },
    "@rubiks/rubiks@1.2.9": {
      "integrity": "da3d1a4d5108406c70bbaab010971a6715cbbd63866a5fb062d1ffb942e1117b"
    },
    "@std/assert@1.0.11": {
      "integrity": "2461ef3c368fe88bc60e186e7744a93112f16fd110022e113a0849e94d1c83c1",
      "dependencies": [
        "jsr:@std/internal@^1.0.5"
      ]
    },
    "@std/assert@1.0.18": {
      "integrity": "270245e9c2c13b446286de475131dc688ca9abcd94fc5db41d43a219b34d1c78",
      "dependencies": [
        "jsr:@std/internal@^1.0.12"
      ]
    },
    "@std/async@1.0.10": {
      "integrity": "2ff1b1c7d33d1416159989b0f69e59ec7ee8cb58510df01e454def2108b3dbec"
    },
    "@std/async@1.1.1": {
      "integrity": "8a79beb3378cc229ce65ba2c746cfd03e4855ddd891d1eb6b9e32128e0d5339c"
    },
    "@std/bytes@1.0.5": {
      "integrity": "4465dd739d7963d964c809202ebea6d5c6b8e3829ef25c6a224290fbb8a1021e"
    },
    "@std/data-structures@1.0.10": {
      "integrity": "f574f86b0e07c69b9edc555fcc814b57d29258bad39fd5a34ba8a80ecf033cfe"
    },
    "@std/fmt@1.0.6": {
      "integrity": "a2c56a69a2369876ddb3ad6a500bb6501b5bad47bb3ea16bfb0c18974d2661fc"
    },
    "@std/fmt@1.0.9": {
      "integrity": "2487343e8899fb2be5d0e3d35013e54477ada198854e52dd05ed0422eddcabe0"
    },
    "@std/fs@1.0.13": {
      "integrity": "756d3ff0ade91c9e72b228e8012b6ff00c3d4a4ac9c642c4dac083536bf6c605"
    },
    "@std/fs@1.0.22": {
      "integrity": "de0f277a58a867147a8a01bc1b181d0dfa80bfddba8c9cf2bacd6747bcec9308",
      "dependencies": [
        "jsr:@std/internal@^1.0.12",
        "jsr:@std/path@^1.1.4"
      ]
    },
    "@std/internal@1.0.5": {
      "integrity": "54a546004f769c1ac9e025abd15a76b6671ddc9687e2313b67376125650dc7ba"
    },
    "@std/internal@1.0.10": {
      "integrity": "e3be62ce42cab0e177c27698e5d9800122f67b766a0bea6ca4867886cbde8cf7"
    },
    "@std/internal@1.0.12": {
      "integrity": "972a634fd5bc34b242024402972cd5143eac68d8dffaca5eaa4dba30ce17b027"
    },
    "@std/json@1.0.2": {
      "integrity": "d9e5497801c15fb679f55a2c01c7794ad7a5dfda4dd1bebab5e409cb5e0d34d4",
      "dependencies": [
        "jsr:@std/streams"
      ]
    },
    "@std/jsonc@1.0.1": {
      "integrity": "6b36956e2a7cbb08ca5ad7fbec72e661e6217c202f348496ea88747636710dda"
    },
    "@std/jsonc@1.0.2": {
      "integrity": "909605dae3af22bd75b1cbda8d64a32cf1fd2cf6efa3f9e224aba6d22c0f44c7",
      "dependencies": [
        "jsr:@std/json"
      ]
    },
    "@std/path@1.0.8": {
      "integrity": "548fa456bb6a04d3c1a1e7477986b6cffbce95102d0bb447c67c4ee70e0364be"
    },
    "@std/path@1.1.4": {
      "integrity": "1d2d43f39efb1b42f0b1882a25486647cb851481862dc7313390b2bb044314b5",
      "dependencies": [
        "jsr:@std/internal@^1.0.12"
      ]
    },
    "@std/streams@1.0.17": {
      "integrity": "7859f3d9deed83cf4b41f19223d4a67661b3d3819e9fc117698f493bf5992140"
    },
    "@std/testing@1.0.9": {
      "integrity": "9bdd4ac07cb13e7594ac30e90f6ceef7254ac83a9aeaa089be0008f33aab5cd4",
      "dependencies": [
        "jsr:@std/assert@^1.0.10"
      ]
    },
    "@std/testing@1.0.17": {
      "integrity": "87bdc2700fa98249d48a17cd72413352d3d3680dcfbdb64947fd0982d6bbf681",
      "dependencies": [
        "jsr:@std/assert@^1.0.17",
        "jsr:@std/async@^1.1.0",
        "jsr:@std/data-structures",
        "jsr:@std/fs@^1.0.22",
        "jsr:@std/internal@^1.0.12",
        "jsr:@std/path@^1.1.4"
      ]
    },
    "@ts-morph/bootstrap@0.27.0": {
      "integrity": "b8d7bc8f7942ce853dde4161b28f9aa96769cef3d8eebafb379a81800b9e2448",
      "dependencies": [
        "jsr:@ts-morph/common"
      ]
    },
    "@ts-morph/common@0.27.0": {
      "integrity": "c7b73592d78ce8479b356fd4f3d6ec3c460d77753a8680ff196effea7a939052",
      "dependencies": [
        "jsr:@std/fs@1",
        "jsr:@std/path@1"
      ]
    }
  },
  "npm": {
    "cookie@1.0.2": {
      "integrity": "sha512-9Kr/j4O16ISv8zBBhJoi4bXOYNTkFLOqSL3UDB0njXxCXNezjeyVrJyGOWtgfs/q2km1gwBcfH8q1yEGoMYunA=="
    },
    "zod@4.0.17": {
      "integrity": "sha512-1PHjlYRevNxxdy2JZ8JcNAw7rX8V9P1AKkP+x/xZfxB0K5FYfuV+Ug6P/6NVSR2jHQ+FzDDoDHS04nYUsOIyLQ=="
    }
  },
  "redirects": {
    "https://github.com/brontidev/wooter/releases/download/3.0.0-beta2/index.d.ts": "https://release-assets.githubusercontent.com/github-production-release-asset/921803939/b74b7013-d179-4eec-bf4e-ed2a96759936?sp=r&sv=2018-11-09&sr=b&spr=https&se=2025-09-14T16%3A43%3A41Z&rscd=attachment%3B+filename%3Dindex.d.ts&rsct=application%2Foctet-stream&skoid=96c2d410-5711-43a1-aedd-ab1947aa7ab0&sktid=398a6654-997b-47e9-b12b-9515b896b4de&skt=2025-09-14T15%3A42%3A49Z&ske=2025-09-14T16%3A43%3A41Z&sks=b&skv=2018-11-09&sig=ipNJCB3xr6Qr9v%2Fq4MJU8nhpPErbfJ2u0zm6fRniPJU%3D&jwt=eyJ0eXAiOiJKV1QiLCJhbGciOiJIUzI1NiJ9.eyJpc3MiOiJnaXRodWIuY29tIiwiYXVkIjoicmVsZWFzZS1hc3NldHMuZ2l0aHVidXNlcmNvbnRlbnQuY29tIiwia2V5Ijoia2V5MSIsImV4cCI6MTc1Nzg2NDkzOCwibmJmIjoxNzU3ODY0NjM4LCJwYXRoIjoicmVsZWFzZWFzc2V0cHJvZHVjdGlvbi5ibG9iLmNvcmUud2luZG93cy5uZXQifQ.r7MI4sRP4NyhUcLaCFki83aI9anIMHwxZoGXH3Yw9zs&response-content-disposition=attachment%3B%20filename%3Dindex.d.ts&response-content-type=application%2Foctet-stream",
    "https://github.com/brontidev/wooter/releases/download/3.0.0-beta2/index.js": "https://release-assets.githubusercontent.com/github-production-release-asset/921803939/89b91814-0fe5-493a-927a-c9c26b3a4471?sp=r&sv=2018-11-09&sr=b&spr=https&se=2025-09-14T16%3A44%3A05Z&rscd=attachment%3B+filename%3Dindex.js&rsct=application%2Foctet-stream&skoid=96c2d410-5711-43a1-aedd-ab1947aa7ab0&sktid=398a6654-997b-47e9-b12b-9515b896b4de&skt=2025-09-14T15%3A44%3A05Z&ske=2025-09-14T16%3A44%3A05Z&sks=b&skv=2018-11-09&sig=9KYel1PhalSwAtkPioJ93MpEaKXBKbZiX723QDRIuDY%3D&jwt=eyJ0eXAiOiJKV1QiLCJhbGciOiJIUzI1NiJ9.eyJpc3MiOiJnaXRodWIuY29tIiwiYXVkIjoicmVsZWFzZS1hc3NldHMuZ2l0aHVidXNlcmNvbnRlbnQuY29tIiwia2V5Ijoia2V5MSIsImV4cCI6MTc1Nzg2NTQ0MCwibmJmIjoxNzU3ODY1MTQwLCJwYXRoIjoicmVsZWFzZWFzc2V0cHJvZHVjdGlvbi5ibG9iLmNvcmUud2luZG93cy5uZXQifQ.6rMZCykNsPTcPuIXPbk9P1hsUN8XBStWyuBwTMpKgnE&response-content-disposition=attachment%3B%20filename%3Dindex.js&response-content-type=application%2Foctet-stream",
    "https://github.com/brontidev/wooter/releases/download/3.0.0-beta2/index.m.js": "https://release-assets.githubusercontent.com/github-production-release-asset/921803939/19fa9afc-3a38-4048-b4c1-9bfccc4354c6?sp=r&sv=2018-11-09&sr=b&spr=https&se=2025-09-14T16%3A43%3A44Z&rscd=attachment%3B+filename%3Dindex.m.js&rsct=application%2Foctet-stream&skoid=96c2d410-5711-43a1-aedd-ab1947aa7ab0&sktid=398a6654-997b-47e9-b12b-9515b896b4de&skt=2025-09-14T15%3A42%3A52Z&ske=2025-09-14T16%3A43%3A44Z&sks=b&skv=2018-11-09&sig=bfLNa2hcRTJg0%2BUts%2B7NraTFNw9JUZAtt0VSrp5fFmU%3D&jwt=eyJ0eXAiOiJKV1QiLCJhbGciOiJIUzI1NiJ9.eyJpc3MiOiJnaXRodWIuY29tIiwiYXVkIjoicmVsZWFzZS1hc3NldHMuZ2l0aHVidXNlcmNvbnRlbnQuY29tIiwia2V5Ijoia2V5MSIsImV4cCI6MTc1Nzg2NDkzNiwibmJmIjoxNzU3ODY0NjM2LCJwYXRoIjoicmVsZWFzZWFzc2V0cHJvZHVjdGlvbi5ibG9iLmNvcmUud2luZG93cy5uZXQifQ.CmN31xxk4fExrMqwLKmjGXBu3pGelWO4eJZQCbx3oXI&response-content-disposition=attachment%3B%20filename%3Dindex.m.js&response-content-type=application%2Foctet-stream"
  },
  "remote": {
    "http://localhost:8000/": "acbb05f91afac6c59327a963ea9cad9adce58f65c7feecfc11948edd1ba9ffed",
    "http://localhost:8000/index.m.js": "e93372f2a0c367401685cfb42d08de4e162f4473ccecac66fd6ce77f059ed193",
    "https://release-assets.githubusercontent.com/github-production-release-asset/921803939/19fa9afc-3a38-4048-b4c1-9bfccc4354c6?sp=r&sv=2018-11-09&sr=b&spr=https&se=2025-09-14T16%3A43%3A44Z&rscd=attachment%3B+filename%3Dindex.m.js&rsct=application%2Foctet-stream&skoid=96c2d410-5711-43a1-aedd-ab1947aa7ab0&sktid=398a6654-997b-47e9-b12b-9515b896b4de&skt=2025-09-14T15%3A42%3A52Z&ske=2025-09-14T16%3A43%3A44Z&sks=b&skv=2018-11-09&sig=bfLNa2hcRTJg0%2BUts%2B7NraTFNw9JUZAtt0VSrp5fFmU%3D&jwt=eyJ0eXAiOiJKV1QiLCJhbGciOiJIUzI1NiJ9.eyJpc3MiOiJnaXRodWIuY29tIiwiYXVkIjoicmVsZWFzZS1hc3NldHMuZ2l0aHVidXNlcmNvbnRlbnQuY29tIiwia2V5Ijoia2V5MSIsImV4cCI6MTc1Nzg2NDkzNiwibmJmIjoxNzU3ODY0NjM2LCJwYXRoIjoicmVsZWFzZWFzc2V0cHJvZHVjdGlvbi5ibG9iLmNvcmUud2luZG93cy5uZXQifQ.CmN31xxk4fExrMqwLKmjGXBu3pGelWO4eJZQCbx3oXI&response-content-disposition=attachment%3B%20filename%3Dindex.m.js&response-content-type=application%2Foctet-stream": "482da564dd0f6879c44d3e5097df532378f42c218f5cf505436be28d4a1ada7f",
    "https://release-assets.githubusercontent.com/github-production-release-asset/921803939/89b91814-0fe5-493a-927a-c9c26b3a4471?sp=r&sv=2018-11-09&sr=b&spr=https&se=2025-09-14T16%3A44%3A05Z&rscd=attachment%3B+filename%3Dindex.js&rsct=application%2Foctet-stream&skoid=96c2d410-5711-43a1-aedd-ab1947aa7ab0&sktid=398a6654-997b-47e9-b12b-9515b896b4de&skt=2025-09-14T15%3A44%3A05Z&ske=2025-09-14T16%3A44%3A05Z&sks=b&skv=2018-11-09&sig=9KYel1PhalSwAtkPioJ93MpEaKXBKbZiX723QDRIuDY%3D&jwt=eyJ0eXAiOiJKV1QiLCJhbGciOiJIUzI1NiJ9.eyJpc3MiOiJnaXRodWIuY29tIiwiYXVkIjoicmVsZWFzZS1hc3NldHMuZ2l0aHVidXNlcmNvbnRlbnQuY29tIiwia2V5Ijoia2V5MSIsImV4cCI6MTc1Nzg2NTQ0MCwibmJmIjoxNzU3ODY1MTQwLCJwYXRoIjoicmVsZWFzZWFzc2V0cHJvZHVjdGlvbi5ibG9iLmNvcmUud2luZG93cy5uZXQifQ.6rMZCykNsPTcPuIXPbk9P1hsUN8XBStWyuBwTMpKgnE&response-content-disposition=attachment%3B%20filename%3Dindex.js&response-content-type=application%2Foctet-stream": "7b18bc061f6537b0d5711960f64ff7568f57c37325e5455a0ad6dbc72f6a1ac0"
  },
  "workspace": {
    "dependencies": [
      "jsr:@bronti/robust@0.0.3-beta",
      "jsr:@deno/dnt@~0.42.3",
      "jsr:@dldc/chemin@13",
      "jsr:@std/assert@^1.0.16",
      "jsr:@std/json@^1.0.2",
      "jsr:@std/jsonc@^1.0.2",
      "jsr:@std/testing@^1.0.16"
    ]
  }
}
